
Microsoft Visual Studio Solution File, Format Version 12.00
# Visual Studio Version 16
VisualStudioVersion = 16.0.31729.503
MinimumVisualStudioVersion = 10.0.40219.1
Project("{9A19103F-16F7-4668-BE54-9A1E7A4F7556}") = "RoboControl", "RoboControl\RoboControl.csproj", "{C423220B-9EA5-44DB-BEAA-38F4C125192B}"
EndProject
Global
	GlobalSection(SolutionConfigurationPlatforms) = preSolution
		Debug|Any CPU = Debug|Any CPU
		Debug|x64 = Debug|x64
		Release|Any CPU = Release|Any CPU
		Release|x64 = Release|x64
	EndGlobalSection
	GlobalSection(ProjectConfigurationPlatforms) = postSolution
		{C423220B-9EA5-44DB-BEAA-38F4C125192B}.Debug|Any CPU.ActiveCfg = Debug|Any CPU
		{C423220B-9EA5-44DB-BEAA-38F4C125192B}.Debug|Any CPU.Build.0 = Debug|Any CPU
		{C423220B-9EA5-44DB-BEAA-38F4C125192B}.Debug|x64.ActiveCfg = Debug|Any CPU
		{C423220B-9EA5-44DB-BEAA-38F4C125192B}.Debug|x64.Build.0 = Debug|Any CPU
		{C423220B-9EA5-44DB-BEAA-38F4C125192B}.Release|Any CPU.ActiveCfg = Release|Any CPU
		{C423220B-9EA5-44DB-BEAA-38F4C125192B}.Release|Any CPU.Build.0 = Release|Any CPU
		{C423220B-9EA5-44DB-BEAA-38F4C125192B}.Release|x64.ActiveCfg = Release|Any CPU
		{C423220B-9EA5-44DB-BEAA-38F4C125192B}.Release|x64.Build.0 = Release|Any CPU
	EndGlobalSection
	GlobalSection(SolutionProperties) = preSolution
		HideSolutionNode = FALSE
	EndGlobalSection
	GlobalSection(ExtensibilityGlobals) = postSolution
		SolutionGuid = {C7D3195E-0C2E-4C76-AB54-59D455D6E44F}
	EndGlobalSection
EndGlobal
